
Microsoft Visual Studio Solution File, Format Version 12.00
# Visual Studio 15
VisualStudioVersion = 15.0.28010.2050
MinimumVisualStudioVersion = 10.0.40219.1
Project("{FAE04EC0-301F-11D3-BF4B-00C04F79EFBC}") = "DroneServer", "DroneServer\DroneServer.csproj", "{732459F9-E326-44AB-9EB3-75C09627F554}"
EndProject
Project("{FAE04EC0-301F-11D3-BF4B-00C04F79EFBC}") = "DroneServerUnitTests", "DroneServerUnitTests\DroneServerUnitTests.csproj", "{98F323D8-3692-4046-AE3F-7E05DD1539DB}"
EndProject
Project("{FAE04EC0-301F-11D3-BF4B-00C04F79EFBC}") = "AndroidAccepanceTests", "AndroidAccepanceTests\AndroidAccepanceTests.csproj", "{2C9C2E6E-E0FB-42F2-B6E8-2754B695311D}"
EndProject
Project("{FAE04EC0-301F-11D3-BF4B-00C04F79EFBC}") = "DroneServerIntegration", "DroneServerIntegration\DroneServerIntegration.csproj", "{0F9205F7-ABBF-4026-86BD-E894DD16C824}"
EndProject
Global
	GlobalSection(SolutionConfigurationPlatforms) = preSolution
		Debug|Any CPU = Debug|Any CPU
		Debug|ARM = Debug|ARM
		Debug|x64 = Debug|x64
		Debug|x86 = Debug|x86
		Release|Any CPU = Release|Any CPU
		Release|ARM = Release|ARM
		Release|x64 = Release|x64
		Release|x86 = Release|x86
	EndGlobalSection
	GlobalSection(ProjectConfigurationPlatforms) = postSolution
		{732459F9-E326-44AB-9EB3-75C09627F554}.Debug|Any CPU.ActiveCfg = Debug|Any CPU
		{732459F9-E326-44AB-9EB3-75C09627F554}.Debug|Any CPU.Build.0 = Debug|Any CPU
		{732459F9-E326-44AB-9EB3-75C09627F554}.Debug|ARM.ActiveCfg = Debug|Any CPU
		{732459F9-E326-44AB-9EB3-75C09627F554}.Debug|ARM.Build.0 = Debug|Any CPU
		{732459F9-E326-44AB-9EB3-75C09627F554}.Debug|x64.ActiveCfg = Debug|Any CPU
		{732459F9-E326-44AB-9EB3-75C09627F554}.Debug|x64.Build.0 = Debug|Any CPU
		{732459F9-E326-44AB-9EB3-75C09627F554}.Debug|x86.ActiveCfg = Debug|Any CPU
		{732459F9-E326-44AB-9EB3-75C09627F554}.Debug|x86.Build.0 = Debug|Any CPU
		{732459F9-E326-44AB-9EB3-75C09627F554}.Release|Any CPU.ActiveCfg = Release|Any CPU
		{732459F9-E326-44AB-9EB3-75C09627F554}.Release|Any CPU.Build.0 = Release|Any CPU
		{732459F9-E326-44AB-9EB3-75C09627F554}.Release|ARM.ActiveCfg = Release|Any CPU
		{732459F9-E326-44AB-9EB3-75C09627F554}.Release|ARM.Build.0 = Release|Any CPU
		{732459F9-E326-44AB-9EB3-75C09627F554}.Release|x64.ActiveCfg = Release|Any CPU
		{732459F9-E326-44AB-9EB3-75C09627F554}.Release|x64.Build.0 = Release|Any CPU
		{732459F9-E326-44AB-9EB3-75C09627F554}.Release|x86.ActiveCfg = Release|Any CPU
		{732459F9-E326-44AB-9EB3-75C09627F554}.Release|x86.Build.0 = Release|Any CPU
		{98F323D8-3692-4046-AE3F-7E05DD1539DB}.Debug|Any CPU.ActiveCfg = Debug|Any CPU
		{98F323D8-3692-4046-AE3F-7E05DD1539DB}.Debug|Any CPU.Build.0 = Debug|Any CPU
		{98F323D8-3692-4046-AE3F-7E05DD1539DB}.Debug|ARM.ActiveCfg = Debug|Any CPU
		{98F323D8-3692-4046-AE3F-7E05DD1539DB}.Debug|ARM.Build.0 = Debug|Any CPU
		{98F323D8-3692-4046-AE3F-7E05DD1539DB}.Debug|x64.ActiveCfg = Debug|Any CPU
		{98F323D8-3692-4046-AE3F-7E05DD1539DB}.Debug|x64.Build.0 = Debug|Any CPU
		{98F323D8-3692-4046-AE3F-7E05DD1539DB}.Debug|x86.ActiveCfg = Debug|Any CPU
		{98F323D8-3692-4046-AE3F-7E05DD1539DB}.Debug|x86.Build.0 = Debug|Any CPU
		{98F323D8-3692-4046-AE3F-7E05DD1539DB}.Release|Any CPU.ActiveCfg = Release|Any CPU
		{98F323D8-3692-4046-AE3F-7E05DD1539DB}.Release|Any CPU.Build.0 = Release|Any CPU
		{98F323D8-3692-4046-AE3F-7E05DD1539DB}.Release|ARM.ActiveCfg = Release|Any CPU
		{98F323D8-3692-4046-AE3F-7E05DD1539DB}.Release|ARM.Build.0 = Release|Any CPU
		{98F323D8-3692-4046-AE3F-7E05DD1539DB}.Release|x64.ActiveCfg = Release|Any CPU
		{98F323D8-3692-4046-AE3F-7E05DD1539DB}.Release|x64.Build.0 = Release|Any CPU
		{98F323D8-3692-4046-AE3F-7E05DD1539DB}.Release|x86.ActiveCfg = Release|Any CPU
		{98F323D8-3692-4046-AE3F-7E05DD1539DB}.Release|x86.Build.0 = Release|Any CPU
		{2C9C2E6E-E0FB-42F2-B6E8-2754B695311D}.Debug|Any CPU.ActiveCfg = Debug|Any CPU
		{2C9C2E6E-E0FB-42F2-B6E8-2754B695311D}.Debug|Any CPU.Build.0 = Debug|Any CPU
		{2C9C2E6E-E0FB-42F2-B6E8-2754B695311D}.Debug|ARM.ActiveCfg = Debug|Any CPU
		{2C9C2E6E-E0FB-42F2-B6E8-2754B695311D}.Debug|ARM.Build.0 = Debug|Any CPU
		{2C9C2E6E-E0FB-42F2-B6E8-2754B695311D}.Debug|x64.ActiveCfg = Debug|Any CPU
		{2C9C2E6E-E0FB-42F2-B6E8-2754B695311D}.Debug|x64.Build.0 = Debug|Any CPU
		{2C9C2E6E-E0FB-42F2-B6E8-2754B695311D}.Debug|x86.ActiveCfg = Debug|Any CPU
		{2C9C2E6E-E0FB-42F2-B6E8-2754B695311D}.Debug|x86.Build.0 = Debug|Any CPU
		{2C9C2E6E-E0FB-42F2-B6E8-2754B695311D}.Release|Any CPU.ActiveCfg = Release|Any CPU
		{2C9C2E6E-E0FB-42F2-B6E8-2754B695311D}.Release|Any CPU.Build.0 = Release|Any CPU
		{2C9C2E6E-E0FB-42F2-B6E8-2754B695311D}.Release|ARM.ActiveCfg = Release|Any CPU
		{2C9C2E6E-E0FB-42F2-B6E8-2754B695311D}.Release|ARM.Build.0 = Release|Any CPU
		{2C9C2E6E-E0FB-42F2-B6E8-2754B695311D}.Release|x64.ActiveCfg = Release|Any CPU
		{2C9C2E6E-E0FB-42F2-B6E8-2754B695311D}.Release|x64.Build.0 = Release|Any CPU
		{2C9C2E6E-E0FB-42F2-B6E8-2754B695311D}.Release|x86.ActiveCfg = Release|Any CPU
		{2C9C2E6E-E0FB-42F2-B6E8-2754B695311D}.Release|x86.Build.0 = Release|Any CPU
<<<<<<< HEAD
=======
		{A48C5E3B-D8D3-45D6-89E6-8241A7D5CDF9}.Debug|Any CPU.ActiveCfg = Debug|Any CPU
		{A48C5E3B-D8D3-45D6-89E6-8241A7D5CDF9}.Debug|Any CPU.Build.0 = Debug|Any CPU
		{A48C5E3B-D8D3-45D6-89E6-8241A7D5CDF9}.Debug|ARM.ActiveCfg = Debug|Any CPU
		{A48C5E3B-D8D3-45D6-89E6-8241A7D5CDF9}.Debug|ARM.Build.0 = Debug|Any CPU
		{A48C5E3B-D8D3-45D6-89E6-8241A7D5CDF9}.Debug|x64.ActiveCfg = Debug|Any CPU
		{A48C5E3B-D8D3-45D6-89E6-8241A7D5CDF9}.Debug|x64.Build.0 = Debug|Any CPU
		{A48C5E3B-D8D3-45D6-89E6-8241A7D5CDF9}.Debug|x86.ActiveCfg = Debug|Any CPU
		{A48C5E3B-D8D3-45D6-89E6-8241A7D5CDF9}.Debug|x86.Build.0 = Debug|Any CPU
		{A48C5E3B-D8D3-45D6-89E6-8241A7D5CDF9}.Release|Any CPU.ActiveCfg = Release|Any CPU
		{A48C5E3B-D8D3-45D6-89E6-8241A7D5CDF9}.Release|Any CPU.Build.0 = Release|Any CPU
		{A48C5E3B-D8D3-45D6-89E6-8241A7D5CDF9}.Release|ARM.ActiveCfg = Release|Any CPU
		{A48C5E3B-D8D3-45D6-89E6-8241A7D5CDF9}.Release|ARM.Build.0 = Release|Any CPU
		{A48C5E3B-D8D3-45D6-89E6-8241A7D5CDF9}.Release|x64.ActiveCfg = Release|Any CPU
		{A48C5E3B-D8D3-45D6-89E6-8241A7D5CDF9}.Release|x64.Build.0 = Release|Any CPU
		{A48C5E3B-D8D3-45D6-89E6-8241A7D5CDF9}.Release|x86.ActiveCfg = Release|Any CPU
		{A48C5E3B-D8D3-45D6-89E6-8241A7D5CDF9}.Release|x86.Build.0 = Release|Any CPU
		{0F9205F7-ABBF-4026-86BD-E894DD16C824}.Debug|Any CPU.ActiveCfg = Debug|Any CPU
		{0F9205F7-ABBF-4026-86BD-E894DD16C824}.Debug|Any CPU.Build.0 = Debug|Any CPU
		{0F9205F7-ABBF-4026-86BD-E894DD16C824}.Debug|ARM.ActiveCfg = Debug|Any CPU
		{0F9205F7-ABBF-4026-86BD-E894DD16C824}.Debug|ARM.Build.0 = Debug|Any CPU
		{0F9205F7-ABBF-4026-86BD-E894DD16C824}.Debug|x64.ActiveCfg = Debug|Any CPU
		{0F9205F7-ABBF-4026-86BD-E894DD16C824}.Debug|x64.Build.0 = Debug|Any CPU
		{0F9205F7-ABBF-4026-86BD-E894DD16C824}.Debug|x86.ActiveCfg = Debug|Any CPU
		{0F9205F7-ABBF-4026-86BD-E894DD16C824}.Debug|x86.Build.0 = Debug|Any CPU
		{0F9205F7-ABBF-4026-86BD-E894DD16C824}.Release|Any CPU.ActiveCfg = Release|Any CPU
		{0F9205F7-ABBF-4026-86BD-E894DD16C824}.Release|Any CPU.Build.0 = Release|Any CPU
		{0F9205F7-ABBF-4026-86BD-E894DD16C824}.Release|ARM.ActiveCfg = Release|Any CPU
		{0F9205F7-ABBF-4026-86BD-E894DD16C824}.Release|ARM.Build.0 = Release|Any CPU
		{0F9205F7-ABBF-4026-86BD-E894DD16C824}.Release|x64.ActiveCfg = Release|Any CPU
		{0F9205F7-ABBF-4026-86BD-E894DD16C824}.Release|x64.Build.0 = Release|Any CPU
		{0F9205F7-ABBF-4026-86BD-E894DD16C824}.Release|x86.ActiveCfg = Release|Any CPU
		{0F9205F7-ABBF-4026-86BD-E894DD16C824}.Release|x86.Build.0 = Release|Any CPU
>>>>>>> 43e433d... add integration tests
	EndGlobalSection
	GlobalSection(SolutionProperties) = preSolution
		HideSolutionNode = FALSE
	EndGlobalSection
	GlobalSection(ExtensibilityGlobals) = postSolution
		SolutionGuid = {8EF0B7D6-E770-4A43-8CA0-85D546B2A2C5}
	EndGlobalSection
EndGlobal
