
Microsoft Visual Studio Solution File, Format Version 12.00
# Visual Studio 15
VisualStudioVersion = 15.0.28010.2050
MinimumVisualStudioVersion = 10.0.40219.1
Project("{FAE04EC0-301F-11D3-BF4B-00C04F79EFBC}") = "DroneServer", "DroneServer\DroneServer.csproj", "{732459F9-E326-44AB-9EB3-75C09627F554}"
EndProject
Project("{FAE04EC0-301F-11D3-BF4B-00C04F79EFBC}") = "UnitTestProject", "UnitTestProject\UnitTestProject.csproj", "{98F323D8-3692-4046-AE3F-7E05DD1539DB}"
EndProject
Global
	GlobalSection(SolutionConfigurationPlatforms) = preSolution
		Debug|Any CPU = Debug|Any CPU
		Release|Any CPU = Release|Any CPU
	EndGlobalSection
	GlobalSection(ProjectConfigurationPlatforms) = postSolution
		{732459F9-E326-44AB-9EB3-75C09627F554}.Debug|Any CPU.ActiveCfg = Debug|Any CPU
		{732459F9-E326-44AB-9EB3-75C09627F554}.Debug|Any CPU.Build.0 = Debug|Any CPU
		{732459F9-E326-44AB-9EB3-75C09627F554}.Release|Any CPU.ActiveCfg = Release|Any CPU
		{732459F9-E326-44AB-9EB3-75C09627F554}.Release|Any CPU.Build.0 = Release|Any CPU
		{98F323D8-3692-4046-AE3F-7E05DD1539DB}.Debug|Any CPU.ActiveCfg = Debug|Any CPU
		{98F323D8-3692-4046-AE3F-7E05DD1539DB}.Debug|Any CPU.Build.0 = Debug|Any CPU
		{98F323D8-3692-4046-AE3F-7E05DD1539DB}.Release|Any CPU.ActiveCfg = Release|Any CPU
		{98F323D8-3692-4046-AE3F-7E05DD1539DB}.Release|Any CPU.Build.0 = Release|Any CPU
	EndGlobalSection
	GlobalSection(SolutionProperties) = preSolution
		HideSolutionNode = FALSE
	EndGlobalSection
	GlobalSection(ExtensibilityGlobals) = postSolution
		SolutionGuid = {8EF0B7D6-E770-4A43-8CA0-85D546B2A2C5}
	EndGlobalSection
EndGlobal
